
Microsoft Visual Studio Solution File, Format Version 12.00
# Visual Studio Version 16
VisualStudioVersion = 16.0.29021.104
MinimumVisualStudioVersion = 10.0.40219.1
Project("{FAE04EC0-301F-11D3-BF4B-00C04F79EFBC}") = "NET.A.2019.Borovsky.02", "NET.A.2019.Borovsky.02\NET.A.2019.Borovsky.02.csproj", "{A5866559-4512-48ED-B07A-2F97FA3F510B}"
EndProject
Global
	GlobalSection(SolutionConfigurationPlatforms) = preSolution
		Debug|Any CPU = Debug|Any CPU
		Release|Any CPU = Release|Any CPU
	EndGlobalSection
	GlobalSection(ProjectConfigurationPlatforms) = postSolution
		{A5866559-4512-48ED-B07A-2F97FA3F510B}.Debug|Any CPU.ActiveCfg = Debug|Any CPU
		{A5866559-4512-48ED-B07A-2F97FA3F510B}.Debug|Any CPU.Build.0 = Debug|Any CPU
		{A5866559-4512-48ED-B07A-2F97FA3F510B}.Release|Any CPU.ActiveCfg = Release|Any CPU
		{A5866559-4512-48ED-B07A-2F97FA3F510B}.Release|Any CPU.Build.0 = Release|Any CPU
	EndGlobalSection
	GlobalSection(SolutionProperties) = preSolution
		HideSolutionNode = FALSE
	EndGlobalSection
	GlobalSection(ExtensibilityGlobals) = postSolution
		SolutionGuid = {A8AECE74-6350-4495-A6B4-6A048E96BC3B}
	EndGlobalSection
EndGlobal
