
Microsoft Visual Studio Solution File, Format Version 12.00
# Visual Studio Version 16
VisualStudioVersion = 16.0.29021.104
MinimumVisualStudioVersion = 10.0.40219.1
Project("{FAE04EC0-301F-11D3-BF4B-00C04F79EFBC}") = "SortArray", "SortArray\SortArray.csproj", "{6D08DCD7-A827-4E85-BB6E-2B5CA667BB81}"
EndProject
Global
	GlobalSection(SolutionConfigurationPlatforms) = preSolution
		Debug|Any CPU = Debug|Any CPU
		Release|Any CPU = Release|Any CPU
	EndGlobalSection
	GlobalSection(ProjectConfigurationPlatforms) = postSolution
		{6D08DCD7-A827-4E85-BB6E-2B5CA667BB81}.Debug|Any CPU.ActiveCfg = Debug|Any CPU
		{6D08DCD7-A827-4E85-BB6E-2B5CA667BB81}.Debug|Any CPU.Build.0 = Debug|Any CPU
		{6D08DCD7-A827-4E85-BB6E-2B5CA667BB81}.Release|Any CPU.ActiveCfg = Release|Any CPU
		{6D08DCD7-A827-4E85-BB6E-2B5CA667BB81}.Release|Any CPU.Build.0 = Release|Any CPU
	EndGlobalSection
	GlobalSection(SolutionProperties) = preSolution
		HideSolutionNode = FALSE
	EndGlobalSection
	GlobalSection(ExtensibilityGlobals) = postSolution
		SolutionGuid = {CABA8E01-0E6C-49E7-BF54-8BCB715673BB}
	EndGlobalSection
EndGlobal
